// !$*UTF8*$!
{
	archiveVersion = 1;
	classes = {
	};
	objectVersion = 56;
	objects = {

/* Begin PBXBuildFile section */
		A4A2D4A82A194D5B0048773C /* Preview.swift in Sources */ = {isa = PBXBuildFile; fileRef = A4A2D4A72A194D5B0048773C /* Preview.swift */; };
		A4A2D4AC2A194E310048773C /* LoginByEmailView.swift in Sources */ = {isa = PBXBuildFile; fileRef = A4A2D4AB2A194E310048773C /* LoginByEmailView.swift */; };
		A4A2D4AE2A194E5B0048773C /* LoginByEmailViewModel.swift in Sources */ = {isa = PBXBuildFile; fileRef = A4A2D4AD2A194E5B0048773C /* LoginByEmailViewModel.swift */; };
		A4A2D4B82A1954310048773C /* LoginViewModel.swift in Sources */ = {isa = PBXBuildFile; fileRef = A4A2D4B72A1954310048773C /* LoginViewModel.swift */; };
		A4A2D4BA2A1958900048773C /* LoginRoute.swift in Sources */ = {isa = PBXBuildFile; fileRef = A4A2D4B92A1958900048773C /* LoginRoute.swift */; };
		A4A2D4BD2A195B4C0048773C /* SwiftUINavigation in Frameworks */ = {isa = PBXBuildFile; productRef = A4A2D4BC2A195B4C0048773C /* SwiftUINavigation */; };
		A4E3DB962A1920FC0096CA32 /* HypnosisApp.swift in Sources */ = {isa = PBXBuildFile; fileRef = A4E3DB952A1920FC0096CA32 /* HypnosisApp.swift */; };
		A4E3DB9A2A1920FD0096CA32 /* Assets.xcassets in Resources */ = {isa = PBXBuildFile; fileRef = A4E3DB992A1920FD0096CA32 /* Assets.xcassets */; };
		A4E3DB9D2A1920FD0096CA32 /* Preview Assets.xcassets in Resources */ = {isa = PBXBuildFile; fileRef = A4E3DB9C2A1920FD0096CA32 /* Preview Assets.xcassets */; };
		A4E3DBA72A1920FD0096CA32 /* HypnosisTests.swift in Sources */ = {isa = PBXBuildFile; fileRef = A4E3DBA62A1920FD0096CA32 /* HypnosisTests.swift */; };
		A4E3DBB12A1920FD0096CA32 /* HypnosisUITests.swift in Sources */ = {isa = PBXBuildFile; fileRef = A4E3DBB02A1920FD0096CA32 /* HypnosisUITests.swift */; };
		A4E3DBB32A1920FD0096CA32 /* HypnosisUITestsLaunchTests.swift in Sources */ = {isa = PBXBuildFile; fileRef = A4E3DBB22A1920FD0096CA32 /* HypnosisUITestsLaunchTests.swift */; };
		A4E3DBC12A19388E0096CA32 /* GoogleService-Info.plist in Resources */ = {isa = PBXBuildFile; fileRef = A4E3DBC02A19388E0096CA32 /* GoogleService-Info.plist */; };
		A4E3DBC42A1939F30096CA32 /* FirebaseAnalytics in Frameworks */ = {isa = PBXBuildFile; productRef = A4E3DBC32A1939F30096CA32 /* FirebaseAnalytics */; };
		A4E3DBC62A1939F30096CA32 /* FirebaseAnalyticsSwift in Frameworks */ = {isa = PBXBuildFile; productRef = A4E3DBC52A1939F30096CA32 /* FirebaseAnalyticsSwift */; };
		A4E3DBC92A193D3D0096CA32 /* FirebaseAuth in Frameworks */ = {isa = PBXBuildFile; productRef = A4E3DBC82A193D3D0096CA32 /* FirebaseAuth */; };
		A4E3DBCC2A193DE50096CA32 /* LoginView.swift in Sources */ = {isa = PBXBuildFile; fileRef = A4E3DBCB2A193DE50096CA32 /* LoginView.swift */; };
		A4E40D6E2A1AB64B00D6BC1A /* LoginByEmailService.swift in Sources */ = {isa = PBXBuildFile; fileRef = A4E40D6D2A1AB64B00D6BC1A /* LoginByEmailService.swift */; };
		A4E40D702A1AB7D800D6BC1A /* UserModel.swift in Sources */ = {isa = PBXBuildFile; fileRef = A4E40D6F2A1AB7D800D6BC1A /* UserModel.swift */; };
		A4E40D732A1ABF3800D6BC1A /* Logger in Frameworks */ = {isa = PBXBuildFile; productRef = A4E40D722A1ABF3800D6BC1A /* Logger */; };
		A4E40D892A1AC02400D6BC1A /* LogHandlerType.swift in Sources */ = {isa = PBXBuildFile; fileRef = A4E40D782A1AC02400D6BC1A /* LogHandlerType.swift */; };
		A4E40D8A2A1AC02400D6BC1A /* LogFormatterType.swift in Sources */ = {isa = PBXBuildFile; fileRef = A4E40D792A1AC02400D6BC1A /* LogFormatterType.swift */; };
		A4E40D8B2A1AC02400D6BC1A /* LogInfoCustomMessageType.swift in Sources */ = {isa = PBXBuildFile; fileRef = A4E40D7A2A1AC02400D6BC1A /* LogInfoCustomMessageType.swift */; };
		A4E40D8C2A1AC02400D6BC1A /* Log.swift in Sources */ = {isa = PBXBuildFile; fileRef = A4E40D7B2A1AC02400D6BC1A /* Log.swift */; };
		A4E40D8D2A1AC02400D6BC1A /* Logger.swift in Sources */ = {isa = PBXBuildFile; fileRef = A4E40D7C2A1AC02400D6BC1A /* Logger.swift */; };
		A4E40D8E2A1AC02500D6BC1A /* ConsoleLogFormatter.swift in Sources */ = {isa = PBXBuildFile; fileRef = A4E40D7E2A1AC02400D6BC1A /* ConsoleLogFormatter.swift */; };
		A4E40D8F2A1AC02500D6BC1A /* DefaultLogFormatter.swift in Sources */ = {isa = PBXBuildFile; fileRef = A4E40D7F2A1AC02400D6BC1A /* DefaultLogFormatter.swift */; };
		A4E40D902A1AC02500D6BC1A /* LogLevel.swift in Sources */ = {isa = PBXBuildFile; fileRef = A4E40D802A1AC02400D6BC1A /* LogLevel.swift */; };
		A4E40D912A1AC02500D6BC1A /* LogManager.swift in Sources */ = {isa = PBXBuildFile; fileRef = A4E40D812A1AC02400D6BC1A /* LogManager.swift */; };
		A4E40D922A1AC02500D6BC1A /* FileLogHandler.swift in Sources */ = {isa = PBXBuildFile; fileRef = A4E40D832A1AC02400D6BC1A /* FileLogHandler.swift */; };
		A4E40D932A1AC02500D6BC1A /* ConsoleLogHandler.swift in Sources */ = {isa = PBXBuildFile; fileRef = A4E40D842A1AC02400D6BC1A /* ConsoleLogHandler.swift */; };
		A4E40D942A1AC02500D6BC1A /* URLRequest.swift in Sources */ = {isa = PBXBuildFile; fileRef = A4E40D862A1AC02400D6BC1A /* URLRequest.swift */; };
		A4E40D952A1AC02500D6BC1A /* LogManager+Extension.swift in Sources */ = {isa = PBXBuildFile; fileRef = A4E40D872A1AC02400D6BC1A /* LogManager+Extension.swift */; };
		A4E40D962A1AC02500D6BC1A /* HTTPURLResponse.swift in Sources */ = {isa = PBXBuildFile; fileRef = A4E40D882A1AC02400D6BC1A /* HTTPURLResponse.swift */; };
		A4E40D9A2A1AC35300D6BC1A /* LoginByEmailClient.swift in Sources */ = {isa = PBXBuildFile; fileRef = A4E40D992A1AC35300D6BC1A /* LoginByEmailClient.swift */; };
		A4E40D9C2A1AC3FD00D6BC1A /* LoginByEmailClient+Live.swift in Sources */ = {isa = PBXBuildFile; fileRef = A4E40D9B2A1AC3FD00D6BC1A /* LoginByEmailClient+Live.swift */; };
		A4E40D9E2A1AC5CA00D6BC1A /* LoginDependency.swift in Sources */ = {isa = PBXBuildFile; fileRef = A4E40D9D2A1AC5CA00D6BC1A /* LoginDependency.swift */; };
/* End PBXBuildFile section */

/* Begin PBXContainerItemProxy section */
		A4E3DBA32A1920FD0096CA32 /* PBXContainerItemProxy */ = {
			isa = PBXContainerItemProxy;
			containerPortal = A4E3DB8A2A1920FC0096CA32 /* Project object */;
			proxyType = 1;
			remoteGlobalIDString = A4E3DB912A1920FC0096CA32;
			remoteInfo = Hypnosis;
		};
		A4E3DBAD2A1920FD0096CA32 /* PBXContainerItemProxy */ = {
			isa = PBXContainerItemProxy;
			containerPortal = A4E3DB8A2A1920FC0096CA32 /* Project object */;
			proxyType = 1;
			remoteGlobalIDString = A4E3DB912A1920FC0096CA32;
			remoteInfo = Hypnosis;
		};
/* End PBXContainerItemProxy section */

/* Begin PBXFileReference section */
		A4A2D4A72A194D5B0048773C /* Preview.swift */ = {isa = PBXFileReference; lastKnownFileType = sourcecode.swift; path = Preview.swift; sourceTree = "<group>"; };
		A4A2D4AB2A194E310048773C /* LoginByEmailView.swift */ = {isa = PBXFileReference; lastKnownFileType = sourcecode.swift; path = LoginByEmailView.swift; sourceTree = "<group>"; };
		A4A2D4AD2A194E5B0048773C /* LoginByEmailViewModel.swift */ = {isa = PBXFileReference; lastKnownFileType = sourcecode.swift; path = LoginByEmailViewModel.swift; sourceTree = "<group>"; };
		A4A2D4B72A1954310048773C /* LoginViewModel.swift */ = {isa = PBXFileReference; lastKnownFileType = sourcecode.swift; path = LoginViewModel.swift; sourceTree = "<group>"; };
		A4A2D4B92A1958900048773C /* LoginRoute.swift */ = {isa = PBXFileReference; lastKnownFileType = sourcecode.swift; name = LoginRoute.swift; path = Login/LoginRoute.swift; sourceTree = "<group>"; };
		A4E3DB922A1920FC0096CA32 /* Hypnosis.app */ = {isa = PBXFileReference; explicitFileType = wrapper.application; includeInIndex = 0; path = Hypnosis.app; sourceTree = BUILT_PRODUCTS_DIR; };
		A4E3DB952A1920FC0096CA32 /* HypnosisApp.swift */ = {isa = PBXFileReference; lastKnownFileType = sourcecode.swift; path = HypnosisApp.swift; sourceTree = "<group>"; };
		A4E3DB992A1920FD0096CA32 /* Assets.xcassets */ = {isa = PBXFileReference; lastKnownFileType = folder.assetcatalog; path = Assets.xcassets; sourceTree = "<group>"; };
		A4E3DB9C2A1920FD0096CA32 /* Preview Assets.xcassets */ = {isa = PBXFileReference; lastKnownFileType = folder.assetcatalog; path = "Preview Assets.xcassets"; sourceTree = "<group>"; };
		A4E3DBA22A1920FD0096CA32 /* HypnosisTests.xctest */ = {isa = PBXFileReference; explicitFileType = wrapper.cfbundle; includeInIndex = 0; path = HypnosisTests.xctest; sourceTree = BUILT_PRODUCTS_DIR; };
		A4E3DBA62A1920FD0096CA32 /* HypnosisTests.swift */ = {isa = PBXFileReference; lastKnownFileType = sourcecode.swift; path = HypnosisTests.swift; sourceTree = "<group>"; };
		A4E3DBAC2A1920FD0096CA32 /* HypnosisUITests.xctest */ = {isa = PBXFileReference; explicitFileType = wrapper.cfbundle; includeInIndex = 0; path = HypnosisUITests.xctest; sourceTree = BUILT_PRODUCTS_DIR; };
		A4E3DBB02A1920FD0096CA32 /* HypnosisUITests.swift */ = {isa = PBXFileReference; lastKnownFileType = sourcecode.swift; path = HypnosisUITests.swift; sourceTree = "<group>"; };
		A4E3DBB22A1920FD0096CA32 /* HypnosisUITestsLaunchTests.swift */ = {isa = PBXFileReference; lastKnownFileType = sourcecode.swift; path = HypnosisUITestsLaunchTests.swift; sourceTree = "<group>"; };
		A4E3DBC02A19388E0096CA32 /* GoogleService-Info.plist */ = {isa = PBXFileReference; fileEncoding = 4; lastKnownFileType = text.plist.xml; path = "GoogleService-Info.plist"; sourceTree = "<group>"; };
		A4E3DBCB2A193DE50096CA32 /* LoginView.swift */ = {isa = PBXFileReference; lastKnownFileType = sourcecode.swift; path = LoginView.swift; sourceTree = "<group>"; };
		A4E40D6D2A1AB64B00D6BC1A /* LoginByEmailService.swift */ = {isa = PBXFileReference; lastKnownFileType = sourcecode.swift; path = LoginByEmailService.swift; sourceTree = "<group>"; };
		A4E40D6F2A1AB7D800D6BC1A /* UserModel.swift */ = {isa = PBXFileReference; lastKnownFileType = sourcecode.swift; path = UserModel.swift; sourceTree = "<group>"; };
		A4E40D782A1AC02400D6BC1A /* LogHandlerType.swift */ = {isa = PBXFileReference; fileEncoding = 4; lastKnownFileType = sourcecode.swift; path = LogHandlerType.swift; sourceTree = "<group>"; };
		A4E40D792A1AC02400D6BC1A /* LogFormatterType.swift */ = {isa = PBXFileReference; fileEncoding = 4; lastKnownFileType = sourcecode.swift; path = LogFormatterType.swift; sourceTree = "<group>"; };
		A4E40D7A2A1AC02400D6BC1A /* LogInfoCustomMessageType.swift */ = {isa = PBXFileReference; fileEncoding = 4; lastKnownFileType = sourcecode.swift; path = LogInfoCustomMessageType.swift; sourceTree = "<group>"; };
		A4E40D7B2A1AC02400D6BC1A /* Log.swift */ = {isa = PBXFileReference; fileEncoding = 4; lastKnownFileType = sourcecode.swift; path = Log.swift; sourceTree = "<group>"; };
		A4E40D7C2A1AC02400D6BC1A /* Logger.swift */ = {isa = PBXFileReference; fileEncoding = 4; lastKnownFileType = sourcecode.swift; path = Logger.swift; sourceTree = "<group>"; };
		A4E40D7E2A1AC02400D6BC1A /* ConsoleLogFormatter.swift */ = {isa = PBXFileReference; fileEncoding = 4; lastKnownFileType = sourcecode.swift; path = ConsoleLogFormatter.swift; sourceTree = "<group>"; };
		A4E40D7F2A1AC02400D6BC1A /* DefaultLogFormatter.swift */ = {isa = PBXFileReference; fileEncoding = 4; lastKnownFileType = sourcecode.swift; path = DefaultLogFormatter.swift; sourceTree = "<group>"; };
		A4E40D802A1AC02400D6BC1A /* LogLevel.swift */ = {isa = PBXFileReference; fileEncoding = 4; lastKnownFileType = sourcecode.swift; path = LogLevel.swift; sourceTree = "<group>"; };
		A4E40D812A1AC02400D6BC1A /* LogManager.swift */ = {isa = PBXFileReference; fileEncoding = 4; lastKnownFileType = sourcecode.swift; path = LogManager.swift; sourceTree = "<group>"; };
		A4E40D832A1AC02400D6BC1A /* FileLogHandler.swift */ = {isa = PBXFileReference; fileEncoding = 4; lastKnownFileType = sourcecode.swift; path = FileLogHandler.swift; sourceTree = "<group>"; };
		A4E40D842A1AC02400D6BC1A /* ConsoleLogHandler.swift */ = {isa = PBXFileReference; fileEncoding = 4; lastKnownFileType = sourcecode.swift; path = ConsoleLogHandler.swift; sourceTree = "<group>"; };
		A4E40D862A1AC02400D6BC1A /* URLRequest.swift */ = {isa = PBXFileReference; fileEncoding = 4; lastKnownFileType = sourcecode.swift; path = URLRequest.swift; sourceTree = "<group>"; };
		A4E40D872A1AC02400D6BC1A /* LogManager+Extension.swift */ = {isa = PBXFileReference; fileEncoding = 4; lastKnownFileType = sourcecode.swift; path = "LogManager+Extension.swift"; sourceTree = "<group>"; };
		A4E40D882A1AC02400D6BC1A /* HTTPURLResponse.swift */ = {isa = PBXFileReference; fileEncoding = 4; lastKnownFileType = sourcecode.swift; path = HTTPURLResponse.swift; sourceTree = "<group>"; };
		A4E40D992A1AC35300D6BC1A /* LoginByEmailClient.swift */ = {isa = PBXFileReference; lastKnownFileType = sourcecode.swift; path = LoginByEmailClient.swift; sourceTree = "<group>"; };
		A4E40D9B2A1AC3FD00D6BC1A /* LoginByEmailClient+Live.swift */ = {isa = PBXFileReference; lastKnownFileType = sourcecode.swift; path = "LoginByEmailClient+Live.swift"; sourceTree = "<group>"; };
		A4E40D9D2A1AC5CA00D6BC1A /* LoginDependency.swift */ = {isa = PBXFileReference; lastKnownFileType = sourcecode.swift; path = LoginDependency.swift; sourceTree = "<group>"; };
/* End PBXFileReference section */

/* Begin PBXFrameworksBuildPhase section */
		A4E3DB8F2A1920FC0096CA32 /* Frameworks */ = {
			isa = PBXFrameworksBuildPhase;
			buildActionMask = 2147483647;
			files = (
				A4E40D732A1ABF3800D6BC1A /* Logger in Frameworks */,
				A4A2D4BD2A195B4C0048773C /* SwiftUINavigation in Frameworks */,
				A4E3DBC62A1939F30096CA32 /* FirebaseAnalyticsSwift in Frameworks */,
				A4E3DBC92A193D3D0096CA32 /* FirebaseAuth in Frameworks */,
				A4E3DBC42A1939F30096CA32 /* FirebaseAnalytics in Frameworks */,
			);
			runOnlyForDeploymentPostprocessing = 0;
		};
		A4E3DB9F2A1920FD0096CA32 /* Frameworks */ = {
			isa = PBXFrameworksBuildPhase;
			buildActionMask = 2147483647;
			files = (
			);
			runOnlyForDeploymentPostprocessing = 0;
		};
		A4E3DBA92A1920FD0096CA32 /* Frameworks */ = {
			isa = PBXFrameworksBuildPhase;
			buildActionMask = 2147483647;
			files = (
			);
			runOnlyForDeploymentPostprocessing = 0;
		};
/* End PBXFrameworksBuildPhase section */

/* Begin PBXGroup section */
		A4A2D4A42A194D1D0048773C /* Kits */ = {
			isa = PBXGroup;
			children = (
				A4E40D742A1AC02400D6BC1A /* LogKit */,
				A4E40D672A1AB52400D6BC1A /* SharedModels */,
				A4A2D4A52A194D460048773C /* SwiftUIKit */,
			);
			path = Kits;
			sourceTree = "<group>";
		};
		A4A2D4A52A194D460048773C /* SwiftUIKit */ = {
			isa = PBXGroup;
			children = (
				A4A2D4A62A194D4D0048773C /* Views */,
			);
			path = SwiftUIKit;
			sourceTree = "<group>";
		};
		A4A2D4A62A194D4D0048773C /* Views */ = {
			isa = PBXGroup;
			children = (
				A4A2D4A72A194D5B0048773C /* Preview.swift */,
			);
			path = Views;
			sourceTree = "<group>";
		};
		A4A2D4A92A194DCB0048773C /* Login */ = {
			isa = PBXGroup;
			children = (
				A4E3DBCB2A193DE50096CA32 /* LoginView.swift */,
				A4A2D4B72A1954310048773C /* LoginViewModel.swift */,
			);
			path = Login;
			sourceTree = "<group>";
		};
		A4A2D4AA2A194E030048773C /* LoginByEmail */ = {
			isa = PBXGroup;
			children = (
				A4E40D982A1AC33D00D6BC1A /* Domain */,
				A4E40D972A1AC32400D6BC1A /* Data */,
				A4E40D6B2A1AB61F00D6BC1A /* Presentiation */,
			);
			path = LoginByEmail;
			sourceTree = "<group>";
		};
		A4A2D4B62A19514D0048773C /* Features */ = {
			isa = PBXGroup;
			children = (
				A4E3DBCA2A193DA00096CA32 /* LoginFeature */,
			);
			path = Features;
			sourceTree = "<group>";
		};
		A4E3DB892A1920FC0096CA32 = {
			isa = PBXGroup;
			children = (
				A4E3DB942A1920FC0096CA32 /* Hypnosis */,
				A4E3DBC02A19388E0096CA32 /* GoogleService-Info.plist */,
				A4A2D4A42A194D1D0048773C /* Kits */,
				A4E3DBA52A1920FD0096CA32 /* HypnosisTests */,
				A4E3DBAF2A1920FD0096CA32 /* HypnosisUITests */,
				A4E3DB932A1920FC0096CA32 /* Products */,
				A4E3DBC72A193D3D0096CA32 /* Frameworks */,
			);
			sourceTree = "<group>";
		};
		A4E3DB932A1920FC0096CA32 /* Products */ = {
			isa = PBXGroup;
			children = (
				A4E3DB922A1920FC0096CA32 /* Hypnosis.app */,
				A4E3DBA22A1920FD0096CA32 /* HypnosisTests.xctest */,
				A4E3DBAC2A1920FD0096CA32 /* HypnosisUITests.xctest */,
			);
			name = Products;
			sourceTree = "<group>";
		};
		A4E3DB942A1920FC0096CA32 /* Hypnosis */ = {
			isa = PBXGroup;
			children = (
				A4E3DB992A1920FD0096CA32 /* Assets.xcassets */,
				A4E3DB952A1920FC0096CA32 /* HypnosisApp.swift */,
				A4A2D4B62A19514D0048773C /* Features */,
				A4E3DB9B2A1920FD0096CA32 /* Preview Content */,
			);
			path = Hypnosis;
			sourceTree = "<group>";
		};
		A4E3DB9B2A1920FD0096CA32 /* Preview Content */ = {
			isa = PBXGroup;
			children = (
				A4E3DB9C2A1920FD0096CA32 /* Preview Assets.xcassets */,
			);
			path = "Preview Content";
			sourceTree = "<group>";
		};
		A4E3DBA52A1920FD0096CA32 /* HypnosisTests */ = {
			isa = PBXGroup;
			children = (
				A4E3DBA62A1920FD0096CA32 /* HypnosisTests.swift */,
			);
			path = HypnosisTests;
			sourceTree = "<group>";
		};
		A4E3DBAF2A1920FD0096CA32 /* HypnosisUITests */ = {
			isa = PBXGroup;
			children = (
				A4E3DBB02A1920FD0096CA32 /* HypnosisUITests.swift */,
				A4E3DBB22A1920FD0096CA32 /* HypnosisUITestsLaunchTests.swift */,
			);
			path = HypnosisUITests;
			sourceTree = "<group>";
		};
		A4E3DBC72A193D3D0096CA32 /* Frameworks */ = {
			isa = PBXGroup;
			children = (
			);
			name = Frameworks;
			sourceTree = "<group>";
		};
		A4E3DBCA2A193DA00096CA32 /* LoginFeature */ = {
			isa = PBXGroup;
			children = (
				A4A2D4AA2A194E030048773C /* LoginByEmail */,
				A4A2D4A92A194DCB0048773C /* Login */,
				A4E40D9D2A1AC5CA00D6BC1A /* LoginDependency.swift */,
				A4A2D4B92A1958900048773C /* LoginRoute.swift */,
			);
			path = LoginFeature;
			sourceTree = "<group>";
		};
		A4E40D672A1AB52400D6BC1A /* SharedModels */ = {
			isa = PBXGroup;
			children = (
				A4E40D682A1AB52B00D6BC1A /* Authentication */,
			);
			path = SharedModels;
			sourceTree = "<group>";
		};
		A4E40D682A1AB52B00D6BC1A /* Authentication */ = {
			isa = PBXGroup;
			children = (
				A4E40D6F2A1AB7D800D6BC1A /* UserModel.swift */,
			);
			path = Authentication;
			sourceTree = "<group>";
		};
		A4E40D6B2A1AB61F00D6BC1A /* Presentiation */ = {
			isa = PBXGroup;
			children = (
				A4A2D4AB2A194E310048773C /* LoginByEmailView.swift */,
				A4A2D4AD2A194E5B0048773C /* LoginByEmailViewModel.swift */,
			);
			path = Presentiation;
			sourceTree = "<group>";
		};
		A4E40D6C2A1AB62900D6BC1A /* Services */ = {
			isa = PBXGroup;
			children = (
				A4E40D6D2A1AB64B00D6BC1A /* LoginByEmailService.swift */,
			);
			path = Services;
			sourceTree = "<group>";
		};
		A4E40D742A1AC02400D6BC1A /* LogKit */ = {
			isa = PBXGroup;
			children = (
				A4E40D752A1AC02400D6BC1A /* Sources */,
			);
			name = LogKit;
			path = ../../csob/Kits/LogKit;
			sourceTree = "<group>";
		};
		A4E40D752A1AC02400D6BC1A /* Sources */ = {
			isa = PBXGroup;
			children = (
				A4E40D762A1AC02400D6BC1A /* Core */,
				A4E40D852A1AC02400D6BC1A /* Extensions */,
			);
			path = Sources;
			sourceTree = "<group>";
		};
		A4E40D762A1AC02400D6BC1A /* Core */ = {
			isa = PBXGroup;
			children = (
				A4E40D772A1AC02400D6BC1A /* Types */,
				A4E40D7B2A1AC02400D6BC1A /* Log.swift */,
				A4E40D7C2A1AC02400D6BC1A /* Logger.swift */,
				A4E40D7D2A1AC02400D6BC1A /* Formatters */,
				A4E40D802A1AC02400D6BC1A /* LogLevel.swift */,
				A4E40D812A1AC02400D6BC1A /* LogManager.swift */,
				A4E40D822A1AC02400D6BC1A /* Handlers */,
			);
			path = Core;
			sourceTree = "<group>";
		};
		A4E40D772A1AC02400D6BC1A /* Types */ = {
			isa = PBXGroup;
			children = (
				A4E40D782A1AC02400D6BC1A /* LogHandlerType.swift */,
				A4E40D792A1AC02400D6BC1A /* LogFormatterType.swift */,
				A4E40D7A2A1AC02400D6BC1A /* LogInfoCustomMessageType.swift */,
			);
			path = Types;
			sourceTree = "<group>";
		};
		A4E40D7D2A1AC02400D6BC1A /* Formatters */ = {
			isa = PBXGroup;
			children = (
				A4E40D7E2A1AC02400D6BC1A /* ConsoleLogFormatter.swift */,
				A4E40D7F2A1AC02400D6BC1A /* DefaultLogFormatter.swift */,
			);
			path = Formatters;
			sourceTree = "<group>";
		};
		A4E40D822A1AC02400D6BC1A /* Handlers */ = {
			isa = PBXGroup;
			children = (
				A4E40D832A1AC02400D6BC1A /* FileLogHandler.swift */,
				A4E40D842A1AC02400D6BC1A /* ConsoleLogHandler.swift */,
			);
			path = Handlers;
			sourceTree = "<group>";
		};
		A4E40D852A1AC02400D6BC1A /* Extensions */ = {
			isa = PBXGroup;
			children = (
				A4E40D862A1AC02400D6BC1A /* URLRequest.swift */,
				A4E40D872A1AC02400D6BC1A /* LogManager+Extension.swift */,
				A4E40D882A1AC02400D6BC1A /* HTTPURLResponse.swift */,
			);
			path = Extensions;
			sourceTree = "<group>";
		};
		A4E40D972A1AC32400D6BC1A /* Data */ = {
			isa = PBXGroup;
			children = (
				A4E40D6C2A1AB62900D6BC1A /* Services */,
				A4E40D9B2A1AC3FD00D6BC1A /* LoginByEmailClient+Live.swift */,
			);
			path = Data;
			sourceTree = "<group>";
		};
		A4E40D982A1AC33D00D6BC1A /* Domain */ = {
			isa = PBXGroup;
			children = (
				A4E40D992A1AC35300D6BC1A /* LoginByEmailClient.swift */,
			);
			path = Domain;
			sourceTree = "<group>";
		};
/* End PBXGroup section */

/* Begin PBXNativeTarget section */
		A4E3DB912A1920FC0096CA32 /* Hypnosis */ = {
			isa = PBXNativeTarget;
			buildConfigurationList = A4E3DBB62A1920FD0096CA32 /* Build configuration list for PBXNativeTarget "Hypnosis" */;
			buildPhases = (
				A4E3DB8E2A1920FC0096CA32 /* Sources */,
				A4E3DB8F2A1920FC0096CA32 /* Frameworks */,
				A4E3DB902A1920FC0096CA32 /* Resources */,
			);
			buildRules = (
			);
			dependencies = (
			);
			name = Hypnosis;
			packageProductDependencies = (
				A4E3DBC32A1939F30096CA32 /* FirebaseAnalytics */,
				A4E3DBC52A1939F30096CA32 /* FirebaseAnalyticsSwift */,
				A4E3DBC82A193D3D0096CA32 /* FirebaseAuth */,
				A4A2D4BC2A195B4C0048773C /* SwiftUINavigation */,
				A4E40D722A1ABF3800D6BC1A /* Logger */,
			);
			productName = Hypnosis;
			productReference = A4E3DB922A1920FC0096CA32 /* Hypnosis.app */;
			productType = "com.apple.product-type.application";
		};
		A4E3DBA12A1920FD0096CA32 /* HypnosisTests */ = {
			isa = PBXNativeTarget;
			buildConfigurationList = A4E3DBB92A1920FD0096CA32 /* Build configuration list for PBXNativeTarget "HypnosisTests" */;
			buildPhases = (
				A4E3DB9E2A1920FD0096CA32 /* Sources */,
				A4E3DB9F2A1920FD0096CA32 /* Frameworks */,
				A4E3DBA02A1920FD0096CA32 /* Resources */,
			);
			buildRules = (
			);
			dependencies = (
				A4E3DBA42A1920FD0096CA32 /* PBXTargetDependency */,
			);
			name = HypnosisTests;
			productName = HypnosisTests;
			productReference = A4E3DBA22A1920FD0096CA32 /* HypnosisTests.xctest */;
			productType = "com.apple.product-type.bundle.unit-test";
		};
		A4E3DBAB2A1920FD0096CA32 /* HypnosisUITests */ = {
			isa = PBXNativeTarget;
			buildConfigurationList = A4E3DBBC2A1920FD0096CA32 /* Build configuration list for PBXNativeTarget "HypnosisUITests" */;
			buildPhases = (
				A4E3DBA82A1920FD0096CA32 /* Sources */,
				A4E3DBA92A1920FD0096CA32 /* Frameworks */,
				A4E3DBAA2A1920FD0096CA32 /* Resources */,
			);
			buildRules = (
			);
			dependencies = (
				A4E3DBAE2A1920FD0096CA32 /* PBXTargetDependency */,
			);
			name = HypnosisUITests;
			productName = HypnosisUITests;
			productReference = A4E3DBAC2A1920FD0096CA32 /* HypnosisUITests.xctest */;
			productType = "com.apple.product-type.bundle.ui-testing";
		};
/* End PBXNativeTarget section */

/* Begin PBXProject section */
		A4E3DB8A2A1920FC0096CA32 /* Project object */ = {
			isa = PBXProject;
			attributes = {
				BuildIndependentTargetsInParallel = 1;
				LastSwiftUpdateCheck = 1430;
				LastUpgradeCheck = 1430;
				TargetAttributes = {
					A4E3DB912A1920FC0096CA32 = {
						CreatedOnToolsVersion = 14.3;
					};
					A4E3DBA12A1920FD0096CA32 = {
						CreatedOnToolsVersion = 14.3;
						TestTargetID = A4E3DB912A1920FC0096CA32;
					};
					A4E3DBAB2A1920FD0096CA32 = {
						CreatedOnToolsVersion = 14.3;
						TestTargetID = A4E3DB912A1920FC0096CA32;
					};
				};
			};
			buildConfigurationList = A4E3DB8D2A1920FC0096CA32 /* Build configuration list for PBXProject "Hypnosis" */;
			compatibilityVersion = "Xcode 14.0";
			developmentRegion = en;
			hasScannedForEncodings = 0;
			knownRegions = (
				en,
				Base,
			);
			mainGroup = A4E3DB892A1920FC0096CA32;
			packageReferences = (
				A4E3DBC22A1939F30096CA32 /* XCRemoteSwiftPackageReference "firebase-ios-sdk" */,
				A4A2D4BB2A195B4C0048773C /* XCRemoteSwiftPackageReference "swiftui-navigation" */,
				A4E40D712A1ABF3800D6BC1A /* XCRemoteSwiftPackageReference "swift-logger" */,
			);
			productRefGroup = A4E3DB932A1920FC0096CA32 /* Products */;
			projectDirPath = "";
			projectRoot = "";
			targets = (
				A4E3DB912A1920FC0096CA32 /* Hypnosis */,
				A4E3DBA12A1920FD0096CA32 /* HypnosisTests */,
				A4E3DBAB2A1920FD0096CA32 /* HypnosisUITests */,
			);
		};
/* End PBXProject section */

/* Begin PBXResourcesBuildPhase section */
		A4E3DB902A1920FC0096CA32 /* Resources */ = {
			isa = PBXResourcesBuildPhase;
			buildActionMask = 2147483647;
			files = (
				A4E3DB9D2A1920FD0096CA32 /* Preview Assets.xcassets in Resources */,
				A4E3DB9A2A1920FD0096CA32 /* Assets.xcassets in Resources */,
				A4E3DBC12A19388E0096CA32 /* GoogleService-Info.plist in Resources */,
			);
			runOnlyForDeploymentPostprocessing = 0;
		};
		A4E3DBA02A1920FD0096CA32 /* Resources */ = {
			isa = PBXResourcesBuildPhase;
			buildActionMask = 2147483647;
			files = (
			);
			runOnlyForDeploymentPostprocessing = 0;
		};
		A4E3DBAA2A1920FD0096CA32 /* Resources */ = {
			isa = PBXResourcesBuildPhase;
			buildActionMask = 2147483647;
			files = (
			);
			runOnlyForDeploymentPostprocessing = 0;
		};
/* End PBXResourcesBuildPhase section */

/* Begin PBXSourcesBuildPhase section */
		A4E3DB8E2A1920FC0096CA32 /* Sources */ = {
			isa = PBXSourcesBuildPhase;
			buildActionMask = 2147483647;
			files = (
				A4E40D912A1AC02500D6BC1A /* LogManager.swift in Sources */,
				A4E40D932A1AC02500D6BC1A /* ConsoleLogHandler.swift in Sources */,
				A4E40D962A1AC02500D6BC1A /* HTTPURLResponse.swift in Sources */,
				A4A2D4BA2A1958900048773C /* LoginRoute.swift in Sources */,
				A4E40D902A1AC02500D6BC1A /* LogLevel.swift in Sources */,
				A4E3DBCC2A193DE50096CA32 /* LoginView.swift in Sources */,
				A4E40D9A2A1AC35300D6BC1A /* LoginByEmailClient.swift in Sources */,
				A4E40D9E2A1AC5CA00D6BC1A /* LoginDependency.swift in Sources */,
				A4E40D8C2A1AC02400D6BC1A /* Log.swift in Sources */,
				A4E40D922A1AC02500D6BC1A /* FileLogHandler.swift in Sources */,
				A4E40D702A1AB7D800D6BC1A /* UserModel.swift in Sources */,
				A4E40D892A1AC02400D6BC1A /* LogHandlerType.swift in Sources */,
				A4A2D4AE2A194E5B0048773C /* LoginByEmailViewModel.swift in Sources */,
				A4E40D9C2A1AC3FD00D6BC1A /* LoginByEmailClient+Live.swift in Sources */,
				A4A2D4AC2A194E310048773C /* LoginByEmailView.swift in Sources */,
				A4E40D8A2A1AC02400D6BC1A /* LogFormatterType.swift in Sources */,
				A4A2D4A82A194D5B0048773C /* Preview.swift in Sources */,
				A4E3DB962A1920FC0096CA32 /* HypnosisApp.swift in Sources */,
				A4E40D952A1AC02500D6BC1A /* LogManager+Extension.swift in Sources */,
				A4E40D8B2A1AC02400D6BC1A /* LogInfoCustomMessageType.swift in Sources */,
				A4E40D942A1AC02500D6BC1A /* URLRequest.swift in Sources */,
				A4E40D8E2A1AC02500D6BC1A /* ConsoleLogFormatter.swift in Sources */,
				A4E40D8D2A1AC02400D6BC1A /* Logger.swift in Sources */,
				A4A2D4B82A1954310048773C /* LoginViewModel.swift in Sources */,
				A4E40D6E2A1AB64B00D6BC1A /* LoginByEmailService.swift in Sources */,
				A4E40D8F2A1AC02500D6BC1A /* DefaultLogFormatter.swift in Sources */,
			);
			runOnlyForDeploymentPostprocessing = 0;
		};
		A4E3DB9E2A1920FD0096CA32 /* Sources */ = {
			isa = PBXSourcesBuildPhase;
			buildActionMask = 2147483647;
			files = (
				A4E3DBA72A1920FD0096CA32 /* HypnosisTests.swift in Sources */,
			);
			runOnlyForDeploymentPostprocessing = 0;
		};
		A4E3DBA82A1920FD0096CA32 /* Sources */ = {
			isa = PBXSourcesBuildPhase;
			buildActionMask = 2147483647;
			files = (
				A4E3DBB32A1920FD0096CA32 /* HypnosisUITestsLaunchTests.swift in Sources */,
				A4E3DBB12A1920FD0096CA32 /* HypnosisUITests.swift in Sources */,
			);
			runOnlyForDeploymentPostprocessing = 0;
		};
/* End PBXSourcesBuildPhase section */

/* Begin PBXTargetDependency section */
		A4E3DBA42A1920FD0096CA32 /* PBXTargetDependency */ = {
			isa = PBXTargetDependency;
			target = A4E3DB912A1920FC0096CA32 /* Hypnosis */;
			targetProxy = A4E3DBA32A1920FD0096CA32 /* PBXContainerItemProxy */;
		};
		A4E3DBAE2A1920FD0096CA32 /* PBXTargetDependency */ = {
			isa = PBXTargetDependency;
			target = A4E3DB912A1920FC0096CA32 /* Hypnosis */;
			targetProxy = A4E3DBAD2A1920FD0096CA32 /* PBXContainerItemProxy */;
		};
/* End PBXTargetDependency section */

/* Begin XCBuildConfiguration section */
		A4E3DBB42A1920FD0096CA32 /* Debug */ = {
			isa = XCBuildConfiguration;
			buildSettings = {
				ALWAYS_SEARCH_USER_PATHS = NO;
				CLANG_ANALYZER_NONNULL = YES;
				CLANG_ANALYZER_NUMBER_OBJECT_CONVERSION = YES_AGGRESSIVE;
				CLANG_CXX_LANGUAGE_STANDARD = "gnu++20";
				CLANG_ENABLE_MODULES = YES;
				CLANG_ENABLE_OBJC_ARC = YES;
				CLANG_ENABLE_OBJC_WEAK = YES;
				CLANG_WARN_BLOCK_CAPTURE_AUTORELEASING = YES;
				CLANG_WARN_BOOL_CONVERSION = YES;
				CLANG_WARN_COMMA = YES;
				CLANG_WARN_CONSTANT_CONVERSION = YES;
				CLANG_WARN_DEPRECATED_OBJC_IMPLEMENTATIONS = YES;
				CLANG_WARN_DIRECT_OBJC_ISA_USAGE = YES_ERROR;
				CLANG_WARN_DOCUMENTATION_COMMENTS = YES;
				CLANG_WARN_EMPTY_BODY = YES;
				CLANG_WARN_ENUM_CONVERSION = YES;
				CLANG_WARN_INFINITE_RECURSION = YES;
				CLANG_WARN_INT_CONVERSION = YES;
				CLANG_WARN_NON_LITERAL_NULL_CONVERSION = YES;
				CLANG_WARN_OBJC_IMPLICIT_RETAIN_SELF = YES;
				CLANG_WARN_OBJC_LITERAL_CONVERSION = YES;
				CLANG_WARN_OBJC_ROOT_CLASS = YES_ERROR;
				CLANG_WARN_QUOTED_INCLUDE_IN_FRAMEWORK_HEADER = YES;
				CLANG_WARN_RANGE_LOOP_ANALYSIS = YES;
				CLANG_WARN_STRICT_PROTOTYPES = YES;
				CLANG_WARN_SUSPICIOUS_MOVE = YES;
				CLANG_WARN_UNGUARDED_AVAILABILITY = YES_AGGRESSIVE;
				CLANG_WARN_UNREACHABLE_CODE = YES;
				CLANG_WARN__DUPLICATE_METHOD_MATCH = YES;
				COPY_PHASE_STRIP = NO;
				DEBUG_INFORMATION_FORMAT = dwarf;
				ENABLE_STRICT_OBJC_MSGSEND = YES;
				ENABLE_TESTABILITY = YES;
				GCC_C_LANGUAGE_STANDARD = gnu11;
				GCC_DYNAMIC_NO_PIC = NO;
				GCC_NO_COMMON_BLOCKS = YES;
				GCC_OPTIMIZATION_LEVEL = 0;
				GCC_PREPROCESSOR_DEFINITIONS = (
					"DEBUG=1",
					"$(inherited)",
				);
				GCC_WARN_64_TO_32_BIT_CONVERSION = YES;
				GCC_WARN_ABOUT_RETURN_TYPE = YES_ERROR;
				GCC_WARN_UNDECLARED_SELECTOR = YES;
				GCC_WARN_UNINITIALIZED_AUTOS = YES_AGGRESSIVE;
				GCC_WARN_UNUSED_FUNCTION = YES;
				GCC_WARN_UNUSED_VARIABLE = YES;
				IPHONEOS_DEPLOYMENT_TARGET = 16.4;
				MTL_ENABLE_DEBUG_INFO = INCLUDE_SOURCE;
				MTL_FAST_MATH = YES;
				ONLY_ACTIVE_ARCH = YES;
				SDKROOT = iphoneos;
				SWIFT_ACTIVE_COMPILATION_CONDITIONS = DEBUG;
				SWIFT_OPTIMIZATION_LEVEL = "-Onone";
			};
			name = Debug;
		};
		A4E3DBB52A1920FD0096CA32 /* Release */ = {
			isa = XCBuildConfiguration;
			buildSettings = {
				ALWAYS_SEARCH_USER_PATHS = NO;
				CLANG_ANALYZER_NONNULL = YES;
				CLANG_ANALYZER_NUMBER_OBJECT_CONVERSION = YES_AGGRESSIVE;
				CLANG_CXX_LANGUAGE_STANDARD = "gnu++20";
				CLANG_ENABLE_MODULES = YES;
				CLANG_ENABLE_OBJC_ARC = YES;
				CLANG_ENABLE_OBJC_WEAK = YES;
				CLANG_WARN_BLOCK_CAPTURE_AUTORELEASING = YES;
				CLANG_WARN_BOOL_CONVERSION = YES;
				CLANG_WARN_COMMA = YES;
				CLANG_WARN_CONSTANT_CONVERSION = YES;
				CLANG_WARN_DEPRECATED_OBJC_IMPLEMENTATIONS = YES;
				CLANG_WARN_DIRECT_OBJC_ISA_USAGE = YES_ERROR;
				CLANG_WARN_DOCUMENTATION_COMMENTS = YES;
				CLANG_WARN_EMPTY_BODY = YES;
				CLANG_WARN_ENUM_CONVERSION = YES;
				CLANG_WARN_INFINITE_RECURSION = YES;
				CLANG_WARN_INT_CONVERSION = YES;
				CLANG_WARN_NON_LITERAL_NULL_CONVERSION = YES;
				CLANG_WARN_OBJC_IMPLICIT_RETAIN_SELF = YES;
				CLANG_WARN_OBJC_LITERAL_CONVERSION = YES;
				CLANG_WARN_OBJC_ROOT_CLASS = YES_ERROR;
				CLANG_WARN_QUOTED_INCLUDE_IN_FRAMEWORK_HEADER = YES;
				CLANG_WARN_RANGE_LOOP_ANALYSIS = YES;
				CLANG_WARN_STRICT_PROTOTYPES = YES;
				CLANG_WARN_SUSPICIOUS_MOVE = YES;
				CLANG_WARN_UNGUARDED_AVAILABILITY = YES_AGGRESSIVE;
				CLANG_WARN_UNREACHABLE_CODE = YES;
				CLANG_WARN__DUPLICATE_METHOD_MATCH = YES;
				COPY_PHASE_STRIP = NO;
				DEBUG_INFORMATION_FORMAT = "dwarf-with-dsym";
				ENABLE_NS_ASSERTIONS = NO;
				ENABLE_STRICT_OBJC_MSGSEND = YES;
				GCC_C_LANGUAGE_STANDARD = gnu11;
				GCC_NO_COMMON_BLOCKS = YES;
				GCC_WARN_64_TO_32_BIT_CONVERSION = YES;
				GCC_WARN_ABOUT_RETURN_TYPE = YES_ERROR;
				GCC_WARN_UNDECLARED_SELECTOR = YES;
				GCC_WARN_UNINITIALIZED_AUTOS = YES_AGGRESSIVE;
				GCC_WARN_UNUSED_FUNCTION = YES;
				GCC_WARN_UNUSED_VARIABLE = YES;
				IPHONEOS_DEPLOYMENT_TARGET = 16.4;
				MTL_ENABLE_DEBUG_INFO = NO;
				MTL_FAST_MATH = YES;
				SDKROOT = iphoneos;
				SWIFT_COMPILATION_MODE = wholemodule;
				SWIFT_OPTIMIZATION_LEVEL = "-O";
				VALIDATE_PRODUCT = YES;
			};
			name = Release;
		};
		A4E3DBB72A1920FD0096CA32 /* Debug */ = {
			isa = XCBuildConfiguration;
			buildSettings = {
				ASSETCATALOG_COMPILER_APPICON_NAME = AppIcon;
				ASSETCATALOG_COMPILER_GLOBAL_ACCENT_COLOR_NAME = AccentColor;
				CODE_SIGN_IDENTITY = "Apple Development";
				CODE_SIGN_STYLE = Automatic;
				CURRENT_PROJECT_VERSION = 1;
				DEVELOPMENT_ASSET_PATHS = "\"Hypnosis/Preview Content\"";
				DEVELOPMENT_TEAM = M87B34Q5JM;
				ENABLE_PREVIEWS = YES;
				GENERATE_INFOPLIST_FILE = YES;
				INFOPLIST_KEY_UIApplicationSceneManifest_Generation = YES;
				INFOPLIST_KEY_UIApplicationSupportsIndirectInputEvents = YES;
				INFOPLIST_KEY_UILaunchScreen_Generation = YES;
				INFOPLIST_KEY_UISupportedInterfaceOrientations_iPad = "UIInterfaceOrientationPortrait UIInterfaceOrientationPortraitUpsideDown UIInterfaceOrientationLandscapeLeft UIInterfaceOrientationLandscapeRight";
				INFOPLIST_KEY_UISupportedInterfaceOrientations_iPhone = "UIInterfaceOrientationPortrait UIInterfaceOrientationLandscapeLeft UIInterfaceOrientationLandscapeRight";
				LD_RUNPATH_SEARCH_PATHS = (
					"$(inherited)",
					"@executable_path/Frameworks",
				);
				MARKETING_VERSION = 1.0;
				PRODUCT_BUNDLE_IDENTIFIER = com.adamhl.Hypnosis;
				PRODUCT_NAME = "$(TARGET_NAME)";
				PROVISIONING_PROFILE_SPECIFIER = "";
				SWIFT_EMIT_LOC_STRINGS = YES;
				SWIFT_VERSION = 5.0;
				TARGETED_DEVICE_FAMILY = "1,2";
			};
			name = Debug;
		};
		A4E3DBB82A1920FD0096CA32 /* Release */ = {
			isa = XCBuildConfiguration;
			buildSettings = {
				ASSETCATALOG_COMPILER_APPICON_NAME = AppIcon;
				ASSETCATALOG_COMPILER_GLOBAL_ACCENT_COLOR_NAME = AccentColor;
				CODE_SIGN_IDENTITY = "Apple Development";
				CODE_SIGN_STYLE = Automatic;
				CURRENT_PROJECT_VERSION = 1;
				DEVELOPMENT_ASSET_PATHS = "\"Hypnosis/Preview Content\"";
				DEVELOPMENT_TEAM = M87B34Q5JM;
				ENABLE_PREVIEWS = YES;
				GENERATE_INFOPLIST_FILE = YES;
				INFOPLIST_KEY_UIApplicationSceneManifest_Generation = YES;
				INFOPLIST_KEY_UIApplicationSupportsIndirectInputEvents = YES;
				INFOPLIST_KEY_UILaunchScreen_Generation = YES;
				INFOPLIST_KEY_UISupportedInterfaceOrientations_iPad = "UIInterfaceOrientationPortrait UIInterfaceOrientationPortraitUpsideDown UIInterfaceOrientationLandscapeLeft UIInterfaceOrientationLandscapeRight";
				INFOPLIST_KEY_UISupportedInterfaceOrientations_iPhone = "UIInterfaceOrientationPortrait UIInterfaceOrientationLandscapeLeft UIInterfaceOrientationLandscapeRight";
				LD_RUNPATH_SEARCH_PATHS = (
					"$(inherited)",
					"@executable_path/Frameworks",
				);
				MARKETING_VERSION = 1.0;
				PRODUCT_BUNDLE_IDENTIFIER = com.adamhl.Hypnosis;
				PRODUCT_NAME = "$(TARGET_NAME)";
				PROVISIONING_PROFILE_SPECIFIER = "";
				SWIFT_EMIT_LOC_STRINGS = YES;
				SWIFT_VERSION = 5.0;
				TARGETED_DEVICE_FAMILY = "1,2";
			};
			name = Release;
		};
		A4E3DBBA2A1920FD0096CA32 /* Debug */ = {
			isa = XCBuildConfiguration;
			buildSettings = {
				ALWAYS_EMBED_SWIFT_STANDARD_LIBRARIES = YES;
				BUNDLE_LOADER = "$(TEST_HOST)";
				CODE_SIGN_STYLE = Automatic;
				CURRENT_PROJECT_VERSION = 1;
				DEVELOPMENT_TEAM = M87B34Q5JM;
				GENERATE_INFOPLIST_FILE = YES;
				IPHONEOS_DEPLOYMENT_TARGET = 16.4;
				MARKETING_VERSION = 1.0;
				PRODUCT_BUNDLE_IDENTIFIER = adamhl.HypnosisTests;
				PRODUCT_NAME = "$(TARGET_NAME)";
				SWIFT_EMIT_LOC_STRINGS = NO;
				SWIFT_VERSION = 5.0;
				TARGETED_DEVICE_FAMILY = "1,2";
				TEST_HOST = "$(BUILT_PRODUCTS_DIR)/Hypnosis.app/$(BUNDLE_EXECUTABLE_FOLDER_PATH)/Hypnosis";
			};
			name = Debug;
		};
		A4E3DBBB2A1920FD0096CA32 /* Release */ = {
			isa = XCBuildConfiguration;
			buildSettings = {
				ALWAYS_EMBED_SWIFT_STANDARD_LIBRARIES = YES;
				BUNDLE_LOADER = "$(TEST_HOST)";
				CODE_SIGN_STYLE = Automatic;
				CURRENT_PROJECT_VERSION = 1;
				DEVELOPMENT_TEAM = M87B34Q5JM;
				GENERATE_INFOPLIST_FILE = YES;
				IPHONEOS_DEPLOYMENT_TARGET = 16.4;
				MARKETING_VERSION = 1.0;
				PRODUCT_BUNDLE_IDENTIFIER = adamhl.HypnosisTests;
				PRODUCT_NAME = "$(TARGET_NAME)";
				SWIFT_EMIT_LOC_STRINGS = NO;
				SWIFT_VERSION = 5.0;
				TARGETED_DEVICE_FAMILY = "1,2";
				TEST_HOST = "$(BUILT_PRODUCTS_DIR)/Hypnosis.app/$(BUNDLE_EXECUTABLE_FOLDER_PATH)/Hypnosis";
			};
			name = Release;
		};
		A4E3DBBD2A1920FD0096CA32 /* Debug */ = {
			isa = XCBuildConfiguration;
			buildSettings = {
				ALWAYS_EMBED_SWIFT_STANDARD_LIBRARIES = YES;
				CODE_SIGN_STYLE = Automatic;
				CURRENT_PROJECT_VERSION = 1;
				DEVELOPMENT_TEAM = M87B34Q5JM;
				GENERATE_INFOPLIST_FILE = YES;
				MARKETING_VERSION = 1.0;
				PRODUCT_BUNDLE_IDENTIFIER = adamhl.HypnosisUITests;
				PRODUCT_NAME = "$(TARGET_NAME)";
				SWIFT_EMIT_LOC_STRINGS = NO;
				SWIFT_VERSION = 5.0;
				TARGETED_DEVICE_FAMILY = "1,2";
				TEST_TARGET_NAME = Hypnosis;
			};
			name = Debug;
		};
		A4E3DBBE2A1920FD0096CA32 /* Release */ = {
			isa = XCBuildConfiguration;
			buildSettings = {
				ALWAYS_EMBED_SWIFT_STANDARD_LIBRARIES = YES;
				CODE_SIGN_STYLE = Automatic;
				CURRENT_PROJECT_VERSION = 1;
				DEVELOPMENT_TEAM = M87B34Q5JM;
				GENERATE_INFOPLIST_FILE = YES;
				MARKETING_VERSION = 1.0;
				PRODUCT_BUNDLE_IDENTIFIER = adamhl.HypnosisUITests;
				PRODUCT_NAME = "$(TARGET_NAME)";
				SWIFT_EMIT_LOC_STRINGS = NO;
				SWIFT_VERSION = 5.0;
				TARGETED_DEVICE_FAMILY = "1,2";
				TEST_TARGET_NAME = Hypnosis;
			};
			name = Release;
		};
/* End XCBuildConfiguration section */

/* Begin XCConfigurationList section */
		A4E3DB8D2A1920FC0096CA32 /* Build configuration list for PBXProject "Hypnosis" */ = {
			isa = XCConfigurationList;
			buildConfigurations = (
				A4E3DBB42A1920FD0096CA32 /* Debug */,
				A4E3DBB52A1920FD0096CA32 /* Release */,
			);
			defaultConfigurationIsVisible = 0;
			defaultConfigurationName = Release;
		};
		A4E3DBB62A1920FD0096CA32 /* Build configuration list for PBXNativeTarget "Hypnosis" */ = {
			isa = XCConfigurationList;
			buildConfigurations = (
				A4E3DBB72A1920FD0096CA32 /* Debug */,
				A4E3DBB82A1920FD0096CA32 /* Release */,
			);
			defaultConfigurationIsVisible = 0;
			defaultConfigurationName = Release;
		};
		A4E3DBB92A1920FD0096CA32 /* Build configuration list for PBXNativeTarget "HypnosisTests" */ = {
			isa = XCConfigurationList;
			buildConfigurations = (
				A4E3DBBA2A1920FD0096CA32 /* Debug */,
				A4E3DBBB2A1920FD0096CA32 /* Release */,
			);
			defaultConfigurationIsVisible = 0;
			defaultConfigurationName = Release;
		};
		A4E3DBBC2A1920FD0096CA32 /* Build configuration list for PBXNativeTarget "HypnosisUITests" */ = {
			isa = XCConfigurationList;
			buildConfigurations = (
				A4E3DBBD2A1920FD0096CA32 /* Debug */,
				A4E3DBBE2A1920FD0096CA32 /* Release */,
			);
			defaultConfigurationIsVisible = 0;
			defaultConfigurationName = Release;
		};
/* End XCConfigurationList section */

/* Begin XCRemoteSwiftPackageReference section */
		A4A2D4BB2A195B4C0048773C /* XCRemoteSwiftPackageReference "swiftui-navigation" */ = {
			isa = XCRemoteSwiftPackageReference;
			repositoryURL = "https://github.com/pointfreeco/swiftui-navigation.git";
			requirement = {
				kind = upToNextMajorVersion;
				minimumVersion = 0.7.1;
			};
		};
		A4E3DBC22A1939F30096CA32 /* XCRemoteSwiftPackageReference "firebase-ios-sdk" */ = {
			isa = XCRemoteSwiftPackageReference;
			repositoryURL = "https://github.com/firebase/firebase-ios-sdk";
			requirement = {
				kind = upToNextMajorVersion;
				minimumVersion = 10.0.0;
			};
		};
		A4E40D712A1ABF3800D6BC1A /* XCRemoteSwiftPackageReference "swift-logger" */ = {
			isa = XCRemoteSwiftPackageReference;
			repositoryURL = "https://github.com/Qase/swift-logger.git";
			requirement = {
				branch = master;
				kind = branch;
			};
		};
/* End XCRemoteSwiftPackageReference section */

/* Begin XCSwiftPackageProductDependency section */
		A4A2D4BC2A195B4C0048773C /* SwiftUINavigation */ = {
			isa = XCSwiftPackageProductDependency;
			package = A4A2D4BB2A195B4C0048773C /* XCRemoteSwiftPackageReference "swiftui-navigation" */;
			productName = SwiftUINavigation;
		};
		A4E3DBC32A1939F30096CA32 /* FirebaseAnalytics */ = {
			isa = XCSwiftPackageProductDependency;
			package = A4E3DBC22A1939F30096CA32 /* XCRemoteSwiftPackageReference "firebase-ios-sdk" */;
			productName = FirebaseAnalytics;
		};
		A4E3DBC52A1939F30096CA32 /* FirebaseAnalyticsSwift */ = {
			isa = XCSwiftPackageProductDependency;
			package = A4E3DBC22A1939F30096CA32 /* XCRemoteSwiftPackageReference "firebase-ios-sdk" */;
			productName = FirebaseAnalyticsSwift;
		};
		A4E3DBC82A193D3D0096CA32 /* FirebaseAuth */ = {
			isa = XCSwiftPackageProductDependency;
			package = A4E3DBC22A1939F30096CA32 /* XCRemoteSwiftPackageReference "firebase-ios-sdk" */;
			productName = FirebaseAuth;
		};
		A4E40D722A1ABF3800D6BC1A /* Logger */ = {
			isa = XCSwiftPackageProductDependency;
			package = A4E40D712A1ABF3800D6BC1A /* XCRemoteSwiftPackageReference "swift-logger" */;
			productName = Logger;
		};
/* End XCSwiftPackageProductDependency section */
	};
	rootObject = A4E3DB8A2A1920FC0096CA32 /* Project object */;
}
